{"1.2.0",
[{<<"acceptor_pool">>,{pkg,<<"acceptor_pool">>,<<"1.0.0">>},1},
 {<<"backoff">>,{pkg,<<"backoff">>,<<"1.1.6">>},1},
 {<<"base32">>,{pkg,<<"base32">>,<<"0.1.0">>},1},
 {<<"chatterbox">>,{pkg,<<"ts_chatterbox">>,<<"0.13.0">>},1},
 {<<"counters">>,{pkg,<<"counters">>,<<"0.2.1">>},2},
 {<<"ctx">>,{pkg,<<"ctx">>,<<"0.6.0">>},1},
 {<<"dns">>,
  {git,"https://github.com/tsloughter/dns_erlang.git",
       {ref,"86d8d1be7323a3f0dd9bb6ae44f782eceeca0b06"}},
  0},
 {<<"elli">>,{pkg,<<"elli">>,<<"3.3.0">>},0},
 {<<"eql">>,{pkg,<<"eql">>,<<"0.2.0">>},0},
 {<<"erldns">>,
  {git,"https://github.com/tsloughter/erldns.git",
       {ref,"cd8606bbf36518bbf31f805c74f8e87b96dce5ad"}},
  0},
 {<<"gproc">>,{pkg,<<"gproc">>,<<"0.8.0">>},1},
 {<<"grpcbox">>,{pkg,<<"grpcbox">>,<<"0.16.0">>},0},
 {<<"hpack">>,{pkg,<<"hpack_erl">>,<<"0.2.3">>},2},
 {<<"iso8601">>,{pkg,<<"iso8601">>,<<"1.3.1">>},1},
 {<<"jsx">>,{pkg,<<"jsx">>,<<"3.1.0">>},0},
 {<<"opencensus">>,{pkg,<<"opencensus">>,<<"0.9.2">>},1},
 {<<"opentelemetry_api">>,{pkg,<<"opentelemetry_api">>,<<"1.2.2">>},1},
 {<<"opentelemetry_semantic_conventions">>,
  {pkg,<<"opentelemetry_semantic_conventions">>,<<"0.2.0">>},
  2},
 {<<"pg_types">>,{pkg,<<"pg_types">>,<<"0.4.0">>},1},
 {<<"pgo">>,{pkg,<<"pgo">>,<<"0.14.0">>},0},
 {<<"quickrand">>,{pkg,<<"quickrand">>,<<"2.0.6">>},1},
 {<<"recon">>,{pkg,<<"recon">>,<<"2.5.4">>},0},
 {<<"telemetry">>,{pkg,<<"telemetry">>,<<"0.4.0">>},1},
 {<<"uuid">>,{pkg,<<"uuid_erl">>,<<"2.0.6">>},0},
 {<<"wts">>,{pkg,<<"wts">>,<<"0.4.0">>},2}]}.
[
{pkg_hash,[
 {<<"acceptor_pool">>, <<"43C20D2ACAE35F0C2BCD64F9D2BDE267E459F0F3FD23DAB26485BF518C281B21">>},
 {<<"backoff">>, <<"83B72ED2108BA1EE8F7D1C22E0B4A00CFE3593A67DBC792799E8CCE9F42F796B">>},
 {<<"base32">>, <<"044F6DC95709727CA2176F3E97A41DDAA76B5BC690D3536908618C0CB32616A2">>},
 {<<"chatterbox">>, <<"6F059D97BCAA758B8EA6FFFE2B3B81362BD06B639D3EA2BB088335511D691EBF">>},
 {<<"counters">>, <<"AA3D97E88F92573488987193D0F48EFCE0F3B2CD1443BF4EE760BC7F99322F0C">>},
 {<<"ctx">>, <<"8FF88B70E6400C4DF90142E7F130625B82086077A45364A78D208ED3ED53C7FE">>},
 {<<"elli">>, <<"089218762A7FF3D20AE81C8E911BD0F73EE4EE0ED85454226D1FC6B4FFF3B4F6">>},
 {<<"eql">>, <<"598ABC19A1CF6AFB8EF89FFEA869F43BAEBB1CEC3260DD5065112FEE7D8CE3E2">>},
 {<<"gproc">>, <<"CEA02C578589C61E5341FCE149EA36CCEF236CC2ECAC8691FBA408E7EA77EC2F">>},
 {<<"grpcbox">>, <<"B83F37C62D6EECA347B77F9B1EC7E9F62231690CDFEB3A31BE07CD4002BA9C82">>},
 {<<"hpack">>, <<"17670F83FF984AE6CD74B1C456EDDE906D27FF013740EE4D9EFAA4F1BF999633">>},
 {<<"iso8601">>, <<"D1CEE73F56D71C35590C6B2DB2074873BF410BABAAB768F6EA566366D8CA4810">>},
 {<<"jsx">>, <<"D12516BAA0BB23A59BB35DCCAF02A1BD08243FCBB9EFE24F2D9D056CCFF71268">>},
 {<<"opencensus">>, <<"AB36B0C4E4500B976180BD088CEA7520D345711A72DF2D7188E2D7B9573A8728">>},
 {<<"opentelemetry_api">>, <<"693F47B0D8C76DA2095FE858204CFD6350C27FE85D00E4B763DEECC9588CF27A">>},
 {<<"opentelemetry_semantic_conventions">>, <<"B67FE459C2938FCAB341CB0951C44860C62347C005ACE1B50F8402576F241435">>},
 {<<"pg_types">>, <<"3CE365C92903C5BB59C0D56382D842C8C610C1B6F165E20C4B652C96FA7E9C14">>},
 {<<"pgo">>, <<"F53711D103D7565DB6FC6061FCF4FF1007AB39892439BE1BB02D9F686D7E6663">>},
 {<<"quickrand">>, <<"37E49398D614534F2861633F8E1155828676DF31ED90872616E4A526E6B9CF38">>},
 {<<"recon">>, <<"05DD52A119EE4059FA9DAA1AB7CE81BC7A8161A2F12E9D42E9D551FFD2BA901C">>},
 {<<"telemetry">>, <<"8339BEE3FA8B91CB84D14C2935F8ECF399CCD87301AD6DA6B71C09553834B2AB">>},
 {<<"uuid">>, <<"8767AAE0D93A0EFD062B5B30BB21188E121721C683200E164445065C08C2100A">>},
 {<<"wts">>, <<"62D9DC400AD29F0D233F0665B9C75C8F8EB0A8AF75EEC921056BA4A73B0605A2">>}]},
{pkg_hash_ext,[
 {<<"acceptor_pool">>, <<"0CBCD83FDC8B9AD2EEE2067EF8B91A14858A5883CB7CD800E6FCD5803E158788">>},
 {<<"backoff">>, <<"CF0CFFF8995FB20562F822E5CC47D8CCF664C5ECDC26A684CBE85C225F9D7C39">>},
 {<<"base32">>, <<"10A73951D857D8CB1ECEEA8EB96C6941F6A76E105947AD09C2B73977DEE07638">>},
 {<<"chatterbox">>, <<"B93D19104D86AF0B3F2566C4CBA2A57D2E06D103728246BA1AC6C3C0FF010AA7">>},
 {<<"counters">>, <<"A020C714992F7DB89178D27E1F39909E5D77DA3B80DAA4D6015877ED0C94B8AB">>},
 {<<"ctx">>, <<"A14ED2D1B67723DBEBBE423B28D7615EB0BDCBA6FF28F2D1F1B0A7E1D4AA5FC2">>},
 {<<"elli">>, <<"698B13B33D05661DB9FE7EFCBA41B84825A379CCE86E486CF6AFF9285BE0CCF8">>},
 {<<"eql">>, <<"513BE6B36EE86E8292B2B7475C257ABB66CED5AAD40CBF7AD21E233D0A3BF51D">>},
 {<<"gproc">>, <<"580ADAFA56463B75263EF5A5DF4C86AF321F68694E7786CB057FD805D1E2A7DE">>},
 {<<"grpcbox">>, <<"294DF743AE20A7E030889F00644001370A4F7CE0121F3BBDAF13CF3169C62913">>},
 {<<"hpack">>, <<"06F580167C4B8B8A6429040DF36CC93BBA6D571FAEAEC1B28816523379CBB23A">>},
 {<<"iso8601">>, <<"A8B00594F4309A41D17BA4AEAB2B94DFE1F4BE99F263BC1F46DAC9002CE99A29">>},
 {<<"jsx">>, <<"0C5CC8FDC11B53CC25CF65AC6705AD39E54ECC56D1C22E4ADB8F5A53FB9427F3">>},
 {<<"opencensus">>, <<"B453A796C2F6145F198AFB4B24D61EB1617FB13053AD70E66CFB3148308D743E">>},
 {<<"opentelemetry_api">>, <<"DC77B9A00F137A858E60A852F14007BB66EDA1FFBEB6C05D5FE6C9E678B05E9D">>},
 {<<"opentelemetry_semantic_conventions">>, <<"D61FA1F5639EE8668D74B527E6806E0503EFC55A42DB7B5F39939D84C07D6895">>},
 {<<"pg_types">>, <<"B02EFA785CAECECF9702C681C80A9CA12A39F9161A846CE17B01FB20AEEED7EB">>},
 {<<"pgo">>, <<"71016C22599936E042DC0012EE4589D24C71427D266292F775EBF201D97DF9C9">>},
 {<<"quickrand">>, <<"86A03C7FC96B9C6B9FA6BEF5FCEB773E359C772EE3814BE60B8EB44B54F99140">>},
 {<<"recon">>, <<"E9AB01AC7FC8572E41EB59385EFEB3FB0FF5BF02103816535BACAEDF327D0263">>},
 {<<"telemetry">>, <<"E9E3CACFD37C1531C0CA70CA7C0C30CE2DBB02998A4F7719DE180FE63F8D41E4">>},
 {<<"uuid">>, <<"1D54D5DE4CC66317D882F62347A21655601E84CCCE913E80AADE202CDB3A8C65">>},
 {<<"wts">>, <<"711BB675DE2CE2B3EBAB80A613AC93B994F74DF44AF4CFF7970DC9EEBE724869">>}]}
].
